
Microsoft Visual Studio Solution File, Format Version 12.00
# Visual Studio Version 17
VisualStudioVersion = 17.0.32112.339
MinimumVisualStudioVersion = 10.0.40219.1
Project("{FAE04EC0-301F-11D3-BF4B-00C04F79EFBC}") = "Lista de exercicios 3", "Lista de exercicios 3\Lista de exercicios 3.csproj", "{0B9B90D6-0854-42BB-B432-7C74C0BCAECD}"
EndProject
Project("{FAE04EC0-301F-11D3-BF4B-00C04F79EFBC}") = "Exercicio 2", "Exercicio 2\Exercicio 2.csproj", "{EF5ED422-3194-409F-8DE5-F86BF9D91D67}"
EndProject
Project("{FAE04EC0-301F-11D3-BF4B-00C04F79EFBC}") = "Exercicio 3", "Exercicio 3\Exercicio 3.csproj", "{76A3954A-C7A6-4531-BB86-2951AB73CAEA}"
EndProject
Project("{FAE04EC0-301F-11D3-BF4B-00C04F79EFBC}") = "Exercicio 4", "Exercicio 4\Exercicio 4.csproj", "{9EE4427C-3E66-4114-8065-9609BCD91353}"
EndProject
Project("{FAE04EC0-301F-11D3-BF4B-00C04F79EFBC}") = "Exercicio 5", "Exercicio 5\Exercicio 5.csproj", "{3AB53E25-7DCE-48A9-86FC-4BF7BEB7C97C}"
EndProject
Global
	GlobalSection(SolutionConfigurationPlatforms) = preSolution
		Debug|Any CPU = Debug|Any CPU
		Release|Any CPU = Release|Any CPU
	EndGlobalSection
	GlobalSection(ProjectConfigurationPlatforms) = postSolution
		{0B9B90D6-0854-42BB-B432-7C74C0BCAECD}.Debug|Any CPU.ActiveCfg = Debug|Any CPU
		{0B9B90D6-0854-42BB-B432-7C74C0BCAECD}.Debug|Any CPU.Build.0 = Debug|Any CPU
		{0B9B90D6-0854-42BB-B432-7C74C0BCAECD}.Release|Any CPU.ActiveCfg = Release|Any CPU
		{0B9B90D6-0854-42BB-B432-7C74C0BCAECD}.Release|Any CPU.Build.0 = Release|Any CPU
		{EF5ED422-3194-409F-8DE5-F86BF9D91D67}.Debug|Any CPU.ActiveCfg = Debug|Any CPU
		{EF5ED422-3194-409F-8DE5-F86BF9D91D67}.Debug|Any CPU.Build.0 = Debug|Any CPU
		{EF5ED422-3194-409F-8DE5-F86BF9D91D67}.Release|Any CPU.ActiveCfg = Release|Any CPU
		{EF5ED422-3194-409F-8DE5-F86BF9D91D67}.Release|Any CPU.Build.0 = Release|Any CPU
		{76A3954A-C7A6-4531-BB86-2951AB73CAEA}.Debug|Any CPU.ActiveCfg = Debug|Any CPU
		{76A3954A-C7A6-4531-BB86-2951AB73CAEA}.Debug|Any CPU.Build.0 = Debug|Any CPU
		{76A3954A-C7A6-4531-BB86-2951AB73CAEA}.Release|Any CPU.ActiveCfg = Release|Any CPU
		{76A3954A-C7A6-4531-BB86-2951AB73CAEA}.Release|Any CPU.Build.0 = Release|Any CPU
		{9EE4427C-3E66-4114-8065-9609BCD91353}.Debug|Any CPU.ActiveCfg = Debug|Any CPU
		{9EE4427C-3E66-4114-8065-9609BCD91353}.Debug|Any CPU.Build.0 = Debug|Any CPU
		{9EE4427C-3E66-4114-8065-9609BCD91353}.Release|Any CPU.ActiveCfg = Release|Any CPU
		{9EE4427C-3E66-4114-8065-9609BCD91353}.Release|Any CPU.Build.0 = Release|Any CPU
		{3AB53E25-7DCE-48A9-86FC-4BF7BEB7C97C}.Debug|Any CPU.ActiveCfg = Debug|Any CPU
		{3AB53E25-7DCE-48A9-86FC-4BF7BEB7C97C}.Debug|Any CPU.Build.0 = Debug|Any CPU
		{3AB53E25-7DCE-48A9-86FC-4BF7BEB7C97C}.Release|Any CPU.ActiveCfg = Release|Any CPU
		{3AB53E25-7DCE-48A9-86FC-4BF7BEB7C97C}.Release|Any CPU.Build.0 = Release|Any CPU
	EndGlobalSection
	GlobalSection(SolutionProperties) = preSolution
		HideSolutionNode = FALSE
	EndGlobalSection
	GlobalSection(ExtensibilityGlobals) = postSolution
		SolutionGuid = {7827C797-50A0-40B8-9E8F-AFE27C61EA58}
	EndGlobalSection
EndGlobal
